
Microsoft Visual Studio Solution File, Format Version 12.00
# Visual Studio Version 17
VisualStudioVersion = 17.5.002.0
MinimumVisualStudioVersion = 10.0.40219.1
Project("{9A19103F-16F7-4668-BE54-9A1E7A4F7556}") = "PopCat", "PopCat.csproj", "{99FE8CEB-E12C-4BF8-8027-EBAB2D8832D2}"
EndProject
Global
	GlobalSection(SolutionConfigurationPlatforms) = preSolution
		Debug|Any CPU = Debug|Any CPU
		Release|Any CPU = Release|Any CPU
	EndGlobalSection
	GlobalSection(ProjectConfigurationPlatforms) = postSolution
		{99FE8CEB-E12C-4BF8-8027-EBAB2D8832D2}.Debug|Any CPU.ActiveCfg = Debug|Any CPU
		{99FE8CEB-E12C-4BF8-8027-EBAB2D8832D2}.Debug|Any CPU.Build.0 = Debug|Any CPU
		{99FE8CEB-E12C-4BF8-8027-EBAB2D8832D2}.Release|Any CPU.ActiveCfg = Release|Any CPU
		{99FE8CEB-E12C-4BF8-8027-EBAB2D8832D2}.Release|Any CPU.Build.0 = Release|Any CPU
	EndGlobalSection
	GlobalSection(SolutionProperties) = preSolution
		HideSolutionNode = FALSE
	EndGlobalSection
	GlobalSection(ExtensibilityGlobals) = postSolution
		SolutionGuid = {BF7304B5-C6A7-4AA9-9888-905D21751ED7}
	EndGlobalSection
EndGlobal
